
Microsoft Visual Studio Solution File, Format Version 12.00
# Visual Studio Version 17
VisualStudioVersion = 17.14.36212.18
MinimumVisualStudioVersion = 10.0.40219.1
Project("{FAE04EC0-301F-11D3-BF4B-00C04F79EFBC}") = "EmployeeListApplication.Server", "EmployeeListApplication.Server.csproj", "{4E799E4E-24F5-4303-A3F2-44537AB24678}"
EndProject
Project("{FAE04EC0-301F-11D3-BF4B-00C04F79EFBC}") = "EmployeeListApplication.Core", "..\EmployeeListApplication.Core\EmployeeListApplication.Core.csproj", "{595B23D4-A966-43FC-B77F-58F53A17939E}"
EndProject
Project("{E24C65DC-7377-472B-9ABA-BC803B73C61A}") = "EmployeeListApplication.client", "..\EmployeeListApplication.client\", "{D7086D81-65AA-065F-9E97-3C2287F3FADD}"
	ProjectSection(WebsiteProperties) = preProject
		TargetFrameworkMoniker = ".NETFramework,Version%3Dv4.0"
		Debug.AspNetCompiler.VirtualPath = "/localhost_49366"
		Debug.AspNetCompiler.PhysicalPath = "..\EmployeeListApplication.client\"
		Debug.AspNetCompiler.TargetPath = "PrecompiledWeb\localhost_49366\"
		Debug.AspNetCompiler.Updateable = "true"
		Debug.AspNetCompiler.ForceOverwrite = "true"
		Debug.AspNetCompiler.FixedNames = "false"
		Debug.AspNetCompiler.Debug = "True"
		Release.AspNetCompiler.VirtualPath = "/localhost_49366"
		Release.AspNetCompiler.PhysicalPath = "..\EmployeeListApplication.client\"
		Release.AspNetCompiler.TargetPath = "PrecompiledWeb\localhost_49366\"
		Release.AspNetCompiler.Updateable = "true"
		Release.AspNetCompiler.ForceOverwrite = "true"
		Release.AspNetCompiler.FixedNames = "false"
		Release.AspNetCompiler.Debug = "False"
		VWDPort = "49366"
		SlnRelativePath = "..\EmployeeListApplication.client\"
	EndProjectSection
EndProject
Global
	GlobalSection(SolutionConfigurationPlatforms) = preSolution
		Debug|Any CPU = Debug|Any CPU
		Release|Any CPU = Release|Any CPU
	EndGlobalSection
	GlobalSection(ProjectConfigurationPlatforms) = postSolution
		{4E799E4E-24F5-4303-A3F2-44537AB24678}.Debug|Any CPU.ActiveCfg = Debug|Any CPU
		{4E799E4E-24F5-4303-A3F2-44537AB24678}.Debug|Any CPU.Build.0 = Debug|Any CPU
		{4E799E4E-24F5-4303-A3F2-44537AB24678}.Release|Any CPU.ActiveCfg = Release|Any CPU
		{4E799E4E-24F5-4303-A3F2-44537AB24678}.Release|Any CPU.Build.0 = Release|Any CPU
		{595B23D4-A966-43FC-B77F-58F53A17939E}.Debug|Any CPU.ActiveCfg = Debug|Any CPU
		{595B23D4-A966-43FC-B77F-58F53A17939E}.Debug|Any CPU.Build.0 = Debug|Any CPU
		{595B23D4-A966-43FC-B77F-58F53A17939E}.Release|Any CPU.ActiveCfg = Release|Any CPU
		{595B23D4-A966-43FC-B77F-58F53A17939E}.Release|Any CPU.Build.0 = Release|Any CPU
		{D7086D81-65AA-065F-9E97-3C2287F3FADD}.Debug|Any CPU.ActiveCfg = Debug|Any CPU
		{D7086D81-65AA-065F-9E97-3C2287F3FADD}.Debug|Any CPU.Build.0 = Debug|Any CPU
		{D7086D81-65AA-065F-9E97-3C2287F3FADD}.Release|Any CPU.ActiveCfg = Debug|Any CPU
		{D7086D81-65AA-065F-9E97-3C2287F3FADD}.Release|Any CPU.Build.0 = Debug|Any CPU
	EndGlobalSection
	GlobalSection(SolutionProperties) = preSolution
		HideSolutionNode = FALSE
	EndGlobalSection
	GlobalSection(ExtensibilityGlobals) = postSolution
		SolutionGuid = {C682EF14-3A04-44EC-9A96-44C8FFB07FAC}
	EndGlobalSection
EndGlobal
